
Microsoft Visual Studio Solution File, Format Version 12.00
# Visual Studio 15
VisualStudioVersion = 15.0.26403.7
MinimumVisualStudioVersion = 10.0.40219.1
Project("{FAE04EC0-301F-11D3-BF4B-00C04F79EFBC}") = "so.app.manager", "so.app.manager\so.app.manager.csproj", "{9E1763CD-81AD-489A-98F1-12AB6B1F0F90}"
EndProject
Project("{FAE04EC0-301F-11D3-BF4B-00C04F79EFBC}") = "so.app.core", "so.app.core\so.app.core.csproj", "{B1399E81-D026-4845-94DE-7F06FB9F97B2}"
EndProject
Project("{FAE04EC0-301F-11D3-BF4B-00C04F79EFBC}") = "so.app.domain", "so.app.domain\so.app.domain.csproj", "{AF200899-B6EF-4598-930A-1330E22D261D}"
EndProject
Project("{FAE04EC0-301F-11D3-BF4B-00C04F79EFBC}") = "so.app.ui.test", "so.app.ui.test\so.app.ui.test.csproj", "{AA58C301-21A7-449A-A68D-BA76E2D1EB26}"
EndProject
Project("{FAE04EC0-301F-11D3-BF4B-00C04F79EFBC}") = "so.app.service", "so.app.service\so.app.service.csproj", "{841C73A0-0CB7-48CC-9BB3-E381375660F2}"
EndProject
Project("{FAE04EC0-301F-11D3-BF4B-00C04F79EFBC}") = "so.app.component", "so.app.component\so.app.component.csproj", "{7B682B51-3F23-4BD4-8888-AF44AD383635}"
EndProject
Project("{FAE04EC0-301F-11D3-BF4B-00C04F79EFBC}") = "so.app.ui", "so.app.ui\so.app.ui.csproj", "{F9644CD7-4F01-432F-B6B1-62D06BC8CF37}"
EndProject
Global
	GlobalSection(SolutionConfigurationPlatforms) = preSolution
		Debug|Any CPU = Debug|Any CPU
		Release|Any CPU = Release|Any CPU
	EndGlobalSection
	GlobalSection(ProjectConfigurationPlatforms) = postSolution
		{9E1763CD-81AD-489A-98F1-12AB6B1F0F90}.Debug|Any CPU.ActiveCfg = Debug|Any CPU
		{9E1763CD-81AD-489A-98F1-12AB6B1F0F90}.Debug|Any CPU.Build.0 = Debug|Any CPU
		{9E1763CD-81AD-489A-98F1-12AB6B1F0F90}.Release|Any CPU.ActiveCfg = Release|Any CPU
		{9E1763CD-81AD-489A-98F1-12AB6B1F0F90}.Release|Any CPU.Build.0 = Release|Any CPU
		{B1399E81-D026-4845-94DE-7F06FB9F97B2}.Debug|Any CPU.ActiveCfg = Debug|Any CPU
		{B1399E81-D026-4845-94DE-7F06FB9F97B2}.Debug|Any CPU.Build.0 = Debug|Any CPU
		{B1399E81-D026-4845-94DE-7F06FB9F97B2}.Release|Any CPU.ActiveCfg = Release|Any CPU
		{B1399E81-D026-4845-94DE-7F06FB9F97B2}.Release|Any CPU.Build.0 = Release|Any CPU
		{AF200899-B6EF-4598-930A-1330E22D261D}.Debug|Any CPU.ActiveCfg = Debug|Any CPU
		{AF200899-B6EF-4598-930A-1330E22D261D}.Debug|Any CPU.Build.0 = Debug|Any CPU
		{AF200899-B6EF-4598-930A-1330E22D261D}.Release|Any CPU.ActiveCfg = Release|Any CPU
		{AF200899-B6EF-4598-930A-1330E22D261D}.Release|Any CPU.Build.0 = Release|Any CPU
		{AA58C301-21A7-449A-A68D-BA76E2D1EB26}.Debug|Any CPU.ActiveCfg = Debug|Any CPU
		{AA58C301-21A7-449A-A68D-BA76E2D1EB26}.Debug|Any CPU.Build.0 = Debug|Any CPU
		{AA58C301-21A7-449A-A68D-BA76E2D1EB26}.Release|Any CPU.ActiveCfg = Release|Any CPU
		{AA58C301-21A7-449A-A68D-BA76E2D1EB26}.Release|Any CPU.Build.0 = Release|Any CPU
		{841C73A0-0CB7-48CC-9BB3-E381375660F2}.Debug|Any CPU.ActiveCfg = Debug|Any CPU
		{841C73A0-0CB7-48CC-9BB3-E381375660F2}.Debug|Any CPU.Build.0 = Debug|Any CPU
		{841C73A0-0CB7-48CC-9BB3-E381375660F2}.Release|Any CPU.ActiveCfg = Release|Any CPU
		{841C73A0-0CB7-48CC-9BB3-E381375660F2}.Release|Any CPU.Build.0 = Release|Any CPU
		{7B682B51-3F23-4BD4-8888-AF44AD383635}.Debug|Any CPU.ActiveCfg = Debug|Any CPU
		{7B682B51-3F23-4BD4-8888-AF44AD383635}.Debug|Any CPU.Build.0 = Debug|Any CPU
		{7B682B51-3F23-4BD4-8888-AF44AD383635}.Release|Any CPU.ActiveCfg = Release|Any CPU
		{7B682B51-3F23-4BD4-8888-AF44AD383635}.Release|Any CPU.Build.0 = Release|Any CPU
		{F9644CD7-4F01-432F-B6B1-62D06BC8CF37}.Debug|Any CPU.ActiveCfg = Debug|Any CPU
		{F9644CD7-4F01-432F-B6B1-62D06BC8CF37}.Debug|Any CPU.Build.0 = Debug|Any CPU
		{F9644CD7-4F01-432F-B6B1-62D06BC8CF37}.Release|Any CPU.ActiveCfg = Release|Any CPU
		{F9644CD7-4F01-432F-B6B1-62D06BC8CF37}.Release|Any CPU.Build.0 = Release|Any CPU
	EndGlobalSection
	GlobalSection(SolutionProperties) = preSolution
		HideSolutionNode = FALSE
	EndGlobalSection
EndGlobal
